// !$*UTF8*$!
{
	archiveVersion = 1;
	classes = {
	};
	objectVersion = 56;
	objects = {

/* Begin PBXBuildFile section */
		662204B72B1BAC9400F53973 /* SwiftUI_AppetizersApp.swift in Sources */ = {isa = PBXBuildFile; fileRef = 662204B62B1BAC9400F53973 /* SwiftUI_AppetizersApp.swift */; };
		662204B92B1BAC9400F53973 /* AppetizerTabView.swift in Sources */ = {isa = PBXBuildFile; fileRef = 662204B82B1BAC9400F53973 /* AppetizerTabView.swift */; };
		662204BB2B1BAC9600F53973 /* Assets.xcassets in Resources */ = {isa = PBXBuildFile; fileRef = 662204BA2B1BAC9600F53973 /* Assets.xcassets */; };
		662204BE2B1BAC9600F53973 /* Preview Assets.xcassets in Resources */ = {isa = PBXBuildFile; fileRef = 662204BD2B1BAC9600F53973 /* Preview Assets.xcassets */; };
		662204C52B1BB51200F53973 /* AppetizerListView.swift in Sources */ = {isa = PBXBuildFile; fileRef = 662204C42B1BB51100F53973 /* AppetizerListView.swift */; };
		662204C72B1BB51B00F53973 /* AccountView.swift in Sources */ = {isa = PBXBuildFile; fileRef = 662204C62B1BB51B00F53973 /* AccountView.swift */; };
		662204CB2B1BB53B00F53973 /* OrderView.swift in Sources */ = {isa = PBXBuildFile; fileRef = 662204CA2B1BB53B00F53973 /* OrderView.swift */; };
		662204CD2B1BC5FE00F53973 /* Appetizer.swift in Sources */ = {isa = PBXBuildFile; fileRef = 662204CC2B1BC5FE00F53973 /* Appetizer.swift */; };
		662204CF2B1BCF3400F53973 /* AppetizerListCell.swift in Sources */ = {isa = PBXBuildFile; fileRef = 662204CE2B1BCF3400F53973 /* AppetizerListCell.swift */; };
		662204D12B1BEAF400F53973 /* NetworkManager.swift in Sources */ = {isa = PBXBuildFile; fileRef = 662204D02B1BEAF400F53973 /* NetworkManager.swift */; };
		662204D32B1BEC5C00F53973 /* APError.swift in Sources */ = {isa = PBXBuildFile; fileRef = 662204D22B1BEC5C00F53973 /* APError.swift */; };
		662204D52B1C219800F53973 /* AppetizerListViewModel.swift in Sources */ = {isa = PBXBuildFile; fileRef = 662204D42B1C219800F53973 /* AppetizerListViewModel.swift */; };
		662204D72B1C23C700F53973 /* Alert.swift in Sources */ = {isa = PBXBuildFile; fileRef = 662204D62B1C23C700F53973 /* Alert.swift */; };
		662204D92B1CCADB00F53973 /* LoadingView.swift in Sources */ = {isa = PBXBuildFile; fileRef = 662204D82B1CCADB00F53973 /* LoadingView.swift */; };
		662204DB2B1CD5C000F53973 /* Color+Ext.swift in Sources */ = {isa = PBXBuildFile; fileRef = 662204DA2B1CD5C000F53973 /* Color+Ext.swift */; };
		662204DD2B1CEED200F53973 /* RemoteImage.swift in Sources */ = {isa = PBXBuildFile; fileRef = 662204DC2B1CEED200F53973 /* RemoteImage.swift */; };
		66EC8D912B200C9300DE835D /* AppetizerDetailView.swift in Sources */ = {isa = PBXBuildFile; fileRef = 66EC8D902B200C9300DE835D /* AppetizerDetailView.swift */; };
		66EC8DC82B227F2D00DE835D /* APButton.swift in Sources */ = {isa = PBXBuildFile; fileRef = 66EC8DC72B227F2D00DE835D /* APButton.swift */; };
		66EC8DCA2B22806A00DE835D /* XDismissButton.swift in Sources */ = {isa = PBXBuildFile; fileRef = 66EC8DC92B22806A00DE835D /* XDismissButton.swift */; };
		66EC8DCC2B228FE000DE835D /* AccountViewModel.swift in Sources */ = {isa = PBXBuildFile; fileRef = 66EC8DCB2B228FE000DE835D /* AccountViewModel.swift */; };
		66EC8DCE2B22932200DE835D /* String+Ext.swift in Sources */ = {isa = PBXBuildFile; fileRef = 66EC8DCD2B22932200DE835D /* String+Ext.swift */; };
		66EC8DD02B23796100DE835D /* User.swift in Sources */ = {isa = PBXBuildFile; fileRef = 66EC8DCF2B23796100DE835D /* User.swift */; };
		66EC8DD32B253EC800DE835D /* EmptyState.swift in Sources */ = {isa = PBXBuildFile; fileRef = 66EC8DD22B253EC800DE835D /* EmptyState.swift */; };
		66EC8DD52B25455500DE835D /* Order.swift in Sources */ = {isa = PBXBuildFile; fileRef = 66EC8DD42B25455500DE835D /* Order.swift */; };
		66EC8DD72B25744E00DE835D /* CustomModifiers.swift in Sources */ = {isa = PBXBuildFile; fileRef = 66EC8DD62B25744E00DE835D /* CustomModifiers.swift */; };
		66EC8DDC2B26A60D00DE835D /* Date+Ext.swift in Sources */ = {isa = PBXBuildFile; fileRef = 66EC8DDB2B26A60D00DE835D /* Date+Ext.swift */; };
/* End PBXBuildFile section */

/* Begin PBXFileReference section */
		662204B32B1BAC9400F53973 /* SwiftUI-Appetizers.app */ = {isa = PBXFileReference; explicitFileType = wrapper.application; includeInIndex = 0; path = "SwiftUI-Appetizers.app"; sourceTree = BUILT_PRODUCTS_DIR; };
		662204B62B1BAC9400F53973 /* SwiftUI_AppetizersApp.swift */ = {isa = PBXFileReference; lastKnownFileType = sourcecode.swift; path = SwiftUI_AppetizersApp.swift; sourceTree = "<group>"; };
		662204B82B1BAC9400F53973 /* AppetizerTabView.swift */ = {isa = PBXFileReference; lastKnownFileType = sourcecode.swift; path = AppetizerTabView.swift; sourceTree = "<group>"; };
		662204BA2B1BAC9600F53973 /* Assets.xcassets */ = {isa = PBXFileReference; lastKnownFileType = folder.assetcatalog; path = Assets.xcassets; sourceTree = "<group>"; };
		662204BD2B1BAC9600F53973 /* Preview Assets.xcassets */ = {isa = PBXFileReference; lastKnownFileType = folder.assetcatalog; path = "Preview Assets.xcassets"; sourceTree = "<group>"; };
		662204C42B1BB51100F53973 /* AppetizerListView.swift */ = {isa = PBXFileReference; lastKnownFileType = sourcecode.swift; path = AppetizerListView.swift; sourceTree = "<group>"; };
		662204C62B1BB51B00F53973 /* AccountView.swift */ = {isa = PBXFileReference; lastKnownFileType = sourcecode.swift; path = AccountView.swift; sourceTree = "<group>"; };
		662204CA2B1BB53B00F53973 /* OrderView.swift */ = {isa = PBXFileReference; lastKnownFileType = sourcecode.swift; path = OrderView.swift; sourceTree = "<group>"; };
		662204CC2B1BC5FE00F53973 /* Appetizer.swift */ = {isa = PBXFileReference; lastKnownFileType = sourcecode.swift; path = Appetizer.swift; sourceTree = "<group>"; };
		662204CE2B1BCF3400F53973 /* AppetizerListCell.swift */ = {isa = PBXFileReference; lastKnownFileType = sourcecode.swift; path = AppetizerListCell.swift; sourceTree = "<group>"; };
		662204D02B1BEAF400F53973 /* NetworkManager.swift */ = {isa = PBXFileReference; lastKnownFileType = sourcecode.swift; path = NetworkManager.swift; sourceTree = "<group>"; };
		662204D22B1BEC5C00F53973 /* APError.swift */ = {isa = PBXFileReference; lastKnownFileType = sourcecode.swift; path = APError.swift; sourceTree = "<group>"; };
		662204D42B1C219800F53973 /* AppetizerListViewModel.swift */ = {isa = PBXFileReference; lastKnownFileType = sourcecode.swift; path = AppetizerListViewModel.swift; sourceTree = "<group>"; };
		662204D62B1C23C700F53973 /* Alert.swift */ = {isa = PBXFileReference; lastKnownFileType = sourcecode.swift; path = Alert.swift; sourceTree = "<group>"; };
		662204D82B1CCADB00F53973 /* LoadingView.swift */ = {isa = PBXFileReference; lastKnownFileType = sourcecode.swift; path = LoadingView.swift; sourceTree = "<group>"; };
		662204DA2B1CD5C000F53973 /* Color+Ext.swift */ = {isa = PBXFileReference; lastKnownFileType = sourcecode.swift; path = "Color+Ext.swift"; sourceTree = "<group>"; };
		662204DC2B1CEED200F53973 /* RemoteImage.swift */ = {isa = PBXFileReference; lastKnownFileType = sourcecode.swift; path = RemoteImage.swift; sourceTree = "<group>"; };
		66EC8D902B200C9300DE835D /* AppetizerDetailView.swift */ = {isa = PBXFileReference; lastKnownFileType = sourcecode.swift; path = AppetizerDetailView.swift; sourceTree = "<group>"; };
		66EC8DC72B227F2D00DE835D /* APButton.swift */ = {isa = PBXFileReference; lastKnownFileType = sourcecode.swift; path = APButton.swift; sourceTree = "<group>"; };
		66EC8DC92B22806A00DE835D /* XDismissButton.swift */ = {isa = PBXFileReference; lastKnownFileType = sourcecode.swift; path = XDismissButton.swift; sourceTree = "<group>"; };
		66EC8DCB2B228FE000DE835D /* AccountViewModel.swift */ = {isa = PBXFileReference; lastKnownFileType = sourcecode.swift; path = AccountViewModel.swift; sourceTree = "<group>"; };
		66EC8DCD2B22932200DE835D /* String+Ext.swift */ = {isa = PBXFileReference; lastKnownFileType = sourcecode.swift; path = "String+Ext.swift"; sourceTree = "<group>"; };
		66EC8DCF2B23796100DE835D /* User.swift */ = {isa = PBXFileReference; lastKnownFileType = sourcecode.swift; path = User.swift; sourceTree = "<group>"; };
		66EC8DD22B253EC800DE835D /* EmptyState.swift */ = {isa = PBXFileReference; lastKnownFileType = sourcecode.swift; path = EmptyState.swift; sourceTree = "<group>"; };
		66EC8DD42B25455500DE835D /* Order.swift */ = {isa = PBXFileReference; lastKnownFileType = sourcecode.swift; path = Order.swift; sourceTree = "<group>"; };
		66EC8DD62B25744E00DE835D /* CustomModifiers.swift */ = {isa = PBXFileReference; lastKnownFileType = sourcecode.swift; path = CustomModifiers.swift; sourceTree = "<group>"; };
		66EC8DDB2B26A60D00DE835D /* Date+Ext.swift */ = {isa = PBXFileReference; lastKnownFileType = sourcecode.swift; path = "Date+Ext.swift"; sourceTree = "<group>"; };
/* End PBXFileReference section */

/* Begin PBXFrameworksBuildPhase section */
		662204B02B1BAC9400F53973 /* Frameworks */ = {
			isa = PBXFrameworksBuildPhase;
			buildActionMask = 2147483647;
			files = (
			);
			runOnlyForDeploymentPostprocessing = 0;
		};
/* End PBXFrameworksBuildPhase section */

/* Begin PBXGroup section */
		662204AA2B1BAC9400F53973 = {
			isa = PBXGroup;
			children = (
				662204B52B1BAC9400F53973 /* SwiftUI-Appetizers */,
				662204B42B1BAC9400F53973 /* Products */,
			);
			sourceTree = "<group>";
		};
		662204B42B1BAC9400F53973 /* Products */ = {
			isa = PBXGroup;
			children = (
				662204B32B1BAC9400F53973 /* SwiftUI-Appetizers.app */,
			);
			name = Products;
			sourceTree = "<group>";
		};
		662204B52B1BAC9400F53973 /* SwiftUI-Appetizers */ = {
			isa = PBXGroup;
			children = (
				662204E62B1CF7FD00F53973 /* Model */,
				662204E22B1CF7AB00F53973 /* Utilities */,
				662204E72B1CF81C00F53973 /* Views */,
				662204DE2B1CF74D00F53973 /* Screens */,
				662204B62B1BAC9400F53973 /* SwiftUI_AppetizersApp.swift */,
				662204BA2B1BAC9600F53973 /* Assets.xcassets */,
				662204BC2B1BAC9600F53973 /* Preview Content */,
			);
			path = "SwiftUI-Appetizers";
			sourceTree = "<group>";
		};
		662204BC2B1BAC9600F53973 /* Preview Content */ = {
			isa = PBXGroup;
			children = (
				662204BD2B1BAC9600F53973 /* Preview Assets.xcassets */,
			);
			path = "Preview Content";
			sourceTree = "<group>";
		};
		662204DE2B1CF74D00F53973 /* Screens */ = {
			isa = PBXGroup;
			children = (
				662204B82B1BAC9400F53973 /* AppetizerTabView.swift */,
				662204DF2B1CF75300F53973 /* AppetizerListView */,
				662204E02B1CF76000F53973 /* AccountView */,
				662204E12B1CF76700F53973 /* OrderView */,
			);
			path = Screens;
			sourceTree = "<group>";
		};
		662204DF2B1CF75300F53973 /* AppetizerListView */ = {
			isa = PBXGroup;
			children = (
				662204D42B1C219800F53973 /* AppetizerListViewModel.swift */,
				662204C42B1BB51100F53973 /* AppetizerListView.swift */,
				66EC8D902B200C9300DE835D /* AppetizerDetailView.swift */,
			);
			path = AppetizerListView;
			sourceTree = "<group>";
		};
		662204E02B1CF76000F53973 /* AccountView */ = {
			isa = PBXGroup;
			children = (
				66EC8DCB2B228FE000DE835D /* AccountViewModel.swift */,
				662204C62B1BB51B00F53973 /* AccountView.swift */,
			);
			path = AccountView;
			sourceTree = "<group>";
		};
		662204E12B1CF76700F53973 /* OrderView */ = {
			isa = PBXGroup;
			children = (
				662204CA2B1BB53B00F53973 /* OrderView.swift */,
			);
			path = OrderView;
			sourceTree = "<group>";
		};
		662204E22B1CF7AB00F53973 /* Utilities */ = {
			isa = PBXGroup;
			children = (
				662204E52B1CF7DA00F53973 /* Alerts */,
				662204E42B1CF7BB00F53973 /* Extensionns */,
				662204E32B1CF7B300F53973 /* Managers */,
			);
			path = Utilities;
			sourceTree = "<group>";
		};
		662204E32B1CF7B300F53973 /* Managers */ = {
			isa = PBXGroup;
			children = (
				662204D02B1BEAF400F53973 /* NetworkManager.swift */,
			);
			path = Managers;
			sourceTree = "<group>";
		};
		662204E42B1CF7BB00F53973 /* Extensionns */ = {
			isa = PBXGroup;
			children = (
				662204DA2B1CD5C000F53973 /* Color+Ext.swift */,
				66EC8DCD2B22932200DE835D /* String+Ext.swift */,
				66EC8DDB2B26A60D00DE835D /* Date+Ext.swift */,
			);
			path = Extensionns;
			sourceTree = "<group>";
		};
		662204E52B1CF7DA00F53973 /* Alerts */ = {
			isa = PBXGroup;
			children = (
				662204D62B1C23C700F53973 /* Alert.swift */,
				662204D22B1BEC5C00F53973 /* APError.swift */,
			);
			path = Alerts;
			sourceTree = "<group>";
		};
		662204E62B1CF7FD00F53973 /* Model */ = {
			isa = PBXGroup;
			children = (
				662204CC2B1BC5FE00F53973 /* Appetizer.swift */,
				66EC8DCF2B23796100DE835D /* User.swift */,
				66EC8DD42B25455500DE835D /* Order.swift */,
			);
			path = Model;
			sourceTree = "<group>";
		};
		662204E72B1CF81C00F53973 /* Views */ = {
			isa = PBXGroup;
			children = (
				66EC8DD12B253EAB00DE835D /* Empty States */,
				66EC8DC62B227F1F00DE835D /* Buttons */,
				662204EA2B1CF85500F53973 /* Image */,
				662204E92B1CF83600F53973 /* Cells */,
				662204E82B1CF82F00F53973 /* UIKitComponents */,
				66EC8DD62B25744E00DE835D /* CustomModifiers.swift */,
			);
			path = Views;
			sourceTree = "<group>";
		};
		662204E82B1CF82F00F53973 /* UIKitComponents */ = {
			isa = PBXGroup;
			children = (
				662204D82B1CCADB00F53973 /* LoadingView.swift */,
			);
			path = UIKitComponents;
			sourceTree = "<group>";
		};
		662204E92B1CF83600F53973 /* Cells */ = {
			isa = PBXGroup;
			children = (
				662204CE2B1BCF3400F53973 /* AppetizerListCell.swift */,
			);
			path = Cells;
			sourceTree = "<group>";
		};
		662204EA2B1CF85500F53973 /* Image */ = {
			isa = PBXGroup;
			children = (
				662204DC2B1CEED200F53973 /* RemoteImage.swift */,
			);
			path = Image;
			sourceTree = "<group>";
		};
		66EC8DC62B227F1F00DE835D /* Buttons */ = {
			isa = PBXGroup;
			children = (
				66EC8DC72B227F2D00DE835D /* APButton.swift */,
				66EC8DC92B22806A00DE835D /* XDismissButton.swift */,
			);
			path = Buttons;
			sourceTree = "<group>";
		};
		66EC8DD12B253EAB00DE835D /* Empty States */ = {
			isa = PBXGroup;
			children = (
				66EC8DD22B253EC800DE835D /* EmptyState.swift */,
			);
			path = "Empty States";
			sourceTree = "<group>";
		};
/* End PBXGroup section */

/* Begin PBXNativeTarget section */
		662204B22B1BAC9400F53973 /* SwiftUI-Appetizers */ = {
			isa = PBXNativeTarget;
			buildConfigurationList = 662204C12B1BAC9600F53973 /* Build configuration list for PBXNativeTarget "SwiftUI-Appetizers" */;
			buildPhases = (
				662204AF2B1BAC9400F53973 /* Sources */,
				662204B02B1BAC9400F53973 /* Frameworks */,
				662204B12B1BAC9400F53973 /* Resources */,
			);
			buildRules = (
			);
			dependencies = (
			);
			name = "SwiftUI-Appetizers";
			productName = "SwiftUI-Appetizers";
			productReference = 662204B32B1BAC9400F53973 /* SwiftUI-Appetizers.app */;
			productType = "com.apple.product-type.application";
		};
/* End PBXNativeTarget section */

/* Begin PBXProject section */
		662204AB2B1BAC9400F53973 /* Project object */ = {
			isa = PBXProject;
			attributes = {
				BuildIndependentTargetsInParallel = 1;
				LastSwiftUpdateCheck = 1500;
				LastUpgradeCheck = 1500;
				TargetAttributes = {
					662204B22B1BAC9400F53973 = {
						CreatedOnToolsVersion = 15.0.1;
					};
				};
			};
			buildConfigurationList = 662204AE2B1BAC9400F53973 /* Build configuration list for PBXProject "SwiftUI-Appetizers" */;
			compatibilityVersion = "Xcode 14.0";
			developmentRegion = en;
			hasScannedForEncodings = 0;
			knownRegions = (
				en,
				Base,
			);
			mainGroup = 662204AA2B1BAC9400F53973;
			productRefGroup = 662204B42B1BAC9400F53973 /* Products */;
			projectDirPath = "";
			projectRoot = "";
			targets = (
				662204B22B1BAC9400F53973 /* SwiftUI-Appetizers */,
			);
		};
/* End PBXProject section */

/* Begin PBXResourcesBuildPhase section */
		662204B12B1BAC9400F53973 /* Resources */ = {
			isa = PBXResourcesBuildPhase;
			buildActionMask = 2147483647;
			files = (
				662204BE2B1BAC9600F53973 /* Preview Assets.xcassets in Resources */,
				662204BB2B1BAC9600F53973 /* Assets.xcassets in Resources */,
			);
			runOnlyForDeploymentPostprocessing = 0;
		};
/* End PBXResourcesBuildPhase section */

/* Begin PBXSourcesBuildPhase section */
		662204AF2B1BAC9400F53973 /* Sources */ = {
			isa = PBXSourcesBuildPhase;
			buildActionMask = 2147483647;
			files = (
				662204CD2B1BC5FE00F53973 /* Appetizer.swift in Sources */,
				662204D32B1BEC5C00F53973 /* APError.swift in Sources */,
				66EC8DCA2B22806A00DE835D /* XDismissButton.swift in Sources */,
				66EC8DDC2B26A60D00DE835D /* Date+Ext.swift in Sources */,
				662204C72B1BB51B00F53973 /* AccountView.swift in Sources */,
				66EC8DD52B25455500DE835D /* Order.swift in Sources */,
				66EC8DCC2B228FE000DE835D /* AccountViewModel.swift in Sources */,
				662204CF2B1BCF3400F53973 /* AppetizerListCell.swift in Sources */,
				662204DB2B1CD5C000F53973 /* Color+Ext.swift in Sources */,
				662204B92B1BAC9400F53973 /* AppetizerTabView.swift in Sources */,
				66EC8DD02B23796100DE835D /* User.swift in Sources */,
				66EC8DC82B227F2D00DE835D /* APButton.swift in Sources */,
				662204D92B1CCADB00F53973 /* LoadingView.swift in Sources */,
				662204D52B1C219800F53973 /* AppetizerListViewModel.swift in Sources */,
				662204D12B1BEAF400F53973 /* NetworkManager.swift in Sources */,
				662204DD2B1CEED200F53973 /* RemoteImage.swift in Sources */,
				66EC8DCE2B22932200DE835D /* String+Ext.swift in Sources */,
				66EC8DD32B253EC800DE835D /* EmptyState.swift in Sources */,
				662204B72B1BAC9400F53973 /* SwiftUI_AppetizersApp.swift in Sources */,
				662204D72B1C23C700F53973 /* Alert.swift in Sources */,
				662204C52B1BB51200F53973 /* AppetizerListView.swift in Sources */,
				66EC8DD72B25744E00DE835D /* CustomModifiers.swift in Sources */,
				66EC8D912B200C9300DE835D /* AppetizerDetailView.swift in Sources */,
				662204CB2B1BB53B00F53973 /* OrderView.swift in Sources */,
			);
			runOnlyForDeploymentPostprocessing = 0;
		};
/* End PBXSourcesBuildPhase section */

/* Begin XCBuildConfiguration section */
		662204BF2B1BAC9600F53973 /* Debug */ = {
			isa = XCBuildConfiguration;
			buildSettings = {
				ALWAYS_SEARCH_USER_PATHS = NO;
				ASSETCATALOG_COMPILER_GENERATE_SWIFT_ASSET_SYMBOL_EXTENSIONS = YES;
				CLANG_ANALYZER_NONNULL = YES;
				CLANG_ANALYZER_NUMBER_OBJECT_CONVERSION = YES_AGGRESSIVE;
				CLANG_CXX_LANGUAGE_STANDARD = "gnu++20";
				CLANG_ENABLE_MODULES = YES;
				CLANG_ENABLE_OBJC_ARC = YES;
				CLANG_ENABLE_OBJC_WEAK = YES;
				CLANG_WARN_BLOCK_CAPTURE_AUTORELEASING = YES;
				CLANG_WARN_BOOL_CONVERSION = YES;
				CLANG_WARN_COMMA = YES;
				CLANG_WARN_CONSTANT_CONVERSION = YES;
				CLANG_WARN_DEPRECATED_OBJC_IMPLEMENTATIONS = YES;
				CLANG_WARN_DIRECT_OBJC_ISA_USAGE = YES_ERROR;
				CLANG_WARN_DOCUMENTATION_COMMENTS = YES;
				CLANG_WARN_EMPTY_BODY = YES;
				CLANG_WARN_ENUM_CONVERSION = YES;
				CLANG_WARN_INFINITE_RECURSION = YES;
				CLANG_WARN_INT_CONVERSION = YES;
				CLANG_WARN_NON_LITERAL_NULL_CONVERSION = YES;
				CLANG_WARN_OBJC_IMPLICIT_RETAIN_SELF = YES;
				CLANG_WARN_OBJC_LITERAL_CONVERSION = YES;
				CLANG_WARN_OBJC_ROOT_CLASS = YES_ERROR;
				CLANG_WARN_QUOTED_INCLUDE_IN_FRAMEWORK_HEADER = YES;
				CLANG_WARN_RANGE_LOOP_ANALYSIS = YES;
				CLANG_WARN_STRICT_PROTOTYPES = YES;
				CLANG_WARN_SUSPICIOUS_MOVE = YES;
				CLANG_WARN_UNGUARDED_AVAILABILITY = YES_AGGRESSIVE;
				CLANG_WARN_UNREACHABLE_CODE = YES;
				CLANG_WARN__DUPLICATE_METHOD_MATCH = YES;
				COPY_PHASE_STRIP = NO;
				DEBUG_INFORMATION_FORMAT = dwarf;
				ENABLE_STRICT_OBJC_MSGSEND = YES;
				ENABLE_TESTABILITY = YES;
				ENABLE_USER_SCRIPT_SANDBOXING = YES;
				GCC_C_LANGUAGE_STANDARD = gnu17;
				GCC_DYNAMIC_NO_PIC = NO;
				GCC_NO_COMMON_BLOCKS = YES;
				GCC_OPTIMIZATION_LEVEL = 0;
				GCC_PREPROCESSOR_DEFINITIONS = (
					"DEBUG=1",
					"$(inherited)",
				);
				GCC_WARN_64_TO_32_BIT_CONVERSION = YES;
				GCC_WARN_ABOUT_RETURN_TYPE = YES_ERROR;
				GCC_WARN_UNDECLARED_SELECTOR = YES;
				GCC_WARN_UNINITIALIZED_AUTOS = YES_AGGRESSIVE;
				GCC_WARN_UNUSED_FUNCTION = YES;
				GCC_WARN_UNUSED_VARIABLE = YES;
				IPHONEOS_DEPLOYMENT_TARGET = 17.0;
				LOCALIZATION_PREFERS_STRING_CATALOGS = YES;
				MTL_ENABLE_DEBUG_INFO = INCLUDE_SOURCE;
				MTL_FAST_MATH = YES;
				ONLY_ACTIVE_ARCH = YES;
				SDKROOT = iphoneos;
				SWIFT_ACTIVE_COMPILATION_CONDITIONS = "DEBUG $(inherited)";
				SWIFT_OPTIMIZATION_LEVEL = "-Onone";
			};
			name = Debug;
		};
		662204C02B1BAC9600F53973 /* Release */ = {
			isa = XCBuildConfiguration;
			buildSettings = {
				ALWAYS_SEARCH_USER_PATHS = NO;
				ASSETCATALOG_COMPILER_GENERATE_SWIFT_ASSET_SYMBOL_EXTENSIONS = YES;
				CLANG_ANALYZER_NONNULL = YES;
				CLANG_ANALYZER_NUMBER_OBJECT_CONVERSION = YES_AGGRESSIVE;
				CLANG_CXX_LANGUAGE_STANDARD = "gnu++20";
				CLANG_ENABLE_MODULES = YES;
				CLANG_ENABLE_OBJC_ARC = YES;
				CLANG_ENABLE_OBJC_WEAK = YES;
				CLANG_WARN_BLOCK_CAPTURE_AUTORELEASING = YES;
				CLANG_WARN_BOOL_CONVERSION = YES;
				CLANG_WARN_COMMA = YES;
				CLANG_WARN_CONSTANT_CONVERSION = YES;
				CLANG_WARN_DEPRECATED_OBJC_IMPLEMENTATIONS = YES;
				CLANG_WARN_DIRECT_OBJC_ISA_USAGE = YES_ERROR;
				CLANG_WARN_DOCUMENTATION_COMMENTS = YES;
				CLANG_WARN_EMPTY_BODY = YES;
				CLANG_WARN_ENUM_CONVERSION = YES;
				CLANG_WARN_INFINITE_RECURSION = YES;
				CLANG_WARN_INT_CONVERSION = YES;
				CLANG_WARN_NON_LITERAL_NULL_CONVERSION = YES;
				CLANG_WARN_OBJC_IMPLICIT_RETAIN_SELF = YES;
				CLANG_WARN_OBJC_LITERAL_CONVERSION = YES;
				CLANG_WARN_OBJC_ROOT_CLASS = YES_ERROR;
				CLANG_WARN_QUOTED_INCLUDE_IN_FRAMEWORK_HEADER = YES;
				CLANG_WARN_RANGE_LOOP_ANALYSIS = YES;
				CLANG_WARN_STRICT_PROTOTYPES = YES;
				CLANG_WARN_SUSPICIOUS_MOVE = YES;
				CLANG_WARN_UNGUARDED_AVAILABILITY = YES_AGGRESSIVE;
				CLANG_WARN_UNREACHABLE_CODE = YES;
				CLANG_WARN__DUPLICATE_METHOD_MATCH = YES;
				COPY_PHASE_STRIP = NO;
				DEBUG_INFORMATION_FORMAT = "dwarf-with-dsym";
				ENABLE_NS_ASSERTIONS = NO;
				ENABLE_STRICT_OBJC_MSGSEND = YES;
				ENABLE_USER_SCRIPT_SANDBOXING = YES;
				GCC_C_LANGUAGE_STANDARD = gnu17;
				GCC_NO_COMMON_BLOCKS = YES;
				GCC_WARN_64_TO_32_BIT_CONVERSION = YES;
				GCC_WARN_ABOUT_RETURN_TYPE = YES_ERROR;
				GCC_WARN_UNDECLARED_SELECTOR = YES;
				GCC_WARN_UNINITIALIZED_AUTOS = YES_AGGRESSIVE;
				GCC_WARN_UNUSED_FUNCTION = YES;
				GCC_WARN_UNUSED_VARIABLE = YES;
				IPHONEOS_DEPLOYMENT_TARGET = 17.0;
				LOCALIZATION_PREFERS_STRING_CATALOGS = YES;
				MTL_ENABLE_DEBUG_INFO = NO;
				MTL_FAST_MATH = YES;
				SDKROOT = iphoneos;
				SWIFT_COMPILATION_MODE = wholemodule;
				VALIDATE_PRODUCT = YES;
			};
			name = Release;
		};
		662204C22B1BAC9600F53973 /* Debug */ = {
			isa = XCBuildConfiguration;
			buildSettings = {
				ASSETCATALOG_COMPILER_APPICON_NAME = AppIcon;
				ASSETCATALOG_COMPILER_GLOBAL_ACCENT_COLOR_NAME = AccentColor;
				CODE_SIGN_STYLE = Automatic;
				CURRENT_PROJECT_VERSION = 1;
				DEVELOPMENT_ASSET_PATHS = "\"SwiftUI-Appetizers/Preview Content\"";
				DEVELOPMENT_TEAM = 4966TGSVAG;
				ENABLE_PREVIEWS = YES;
				GENERATE_INFOPLIST_FILE = YES;
				INFOPLIST_KEY_UIApplicationSceneManifest_Generation = YES;
				INFOPLIST_KEY_UIApplicationSupportsIndirectInputEvents = YES;
				INFOPLIST_KEY_UILaunchScreen_Generation = YES;
				INFOPLIST_KEY_UISupportedInterfaceOrientations_iPad = "UIInterfaceOrientationPortrait UIInterfaceOrientationPortraitUpsideDown UIInterfaceOrientationLandscapeLeft UIInterfaceOrientationLandscapeRight";
				INFOPLIST_KEY_UISupportedInterfaceOrientations_iPhone = "UIInterfaceOrientationPortrait UIInterfaceOrientationLandscapeLeft UIInterfaceOrientationLandscapeRight";
				LD_RUNPATH_SEARCH_PATHS = (
					"$(inherited)",
					"@executable_path/Frameworks",
				);
				MARKETING_VERSION = 1.0;
				PRODUCT_BUNDLE_IDENTIFIER = "learn.SwiftUI-Appetizers";
				PRODUCT_NAME = "$(TARGET_NAME)";
				SWIFT_EMIT_LOC_STRINGS = YES;
				SWIFT_VERSION = 5.0;
				TARGETED_DEVICE_FAMILY = "1,2";
			};
			name = Debug;
		};
		662204C32B1BAC9600F53973 /* Release */ = {
			isa = XCBuildConfiguration;
			buildSettings = {
				ASSETCATALOG_COMPILER_APPICON_NAME = AppIcon;
				ASSETCATALOG_COMPILER_GLOBAL_ACCENT_COLOR_NAME = AccentColor;
				CODE_SIGN_STYLE = Automatic;
				CURRENT_PROJECT_VERSION = 1;
				DEVELOPMENT_ASSET_PATHS = "\"SwiftUI-Appetizers/Preview Content\"";
				DEVELOPMENT_TEAM = 4966TGSVAG;
				ENABLE_PREVIEWS = YES;
				GENERATE_INFOPLIST_FILE = YES;
				INFOPLIST_KEY_UIApplicationSceneManifest_Generation = YES;
				INFOPLIST_KEY_UIApplicationSupportsIndirectInputEvents = YES;
				INFOPLIST_KEY_UILaunchScreen_Generation = YES;
				INFOPLIST_KEY_UISupportedInterfaceOrientations_iPad = "UIInterfaceOrientationPortrait UIInterfaceOrientationPortraitUpsideDown UIInterfaceOrientationLandscapeLeft UIInterfaceOrientationLandscapeRight";
				INFOPLIST_KEY_UISupportedInterfaceOrientations_iPhone = "UIInterfaceOrientationPortrait UIInterfaceOrientationLandscapeLeft UIInterfaceOrientationLandscapeRight";
				LD_RUNPATH_SEARCH_PATHS = (
					"$(inherited)",
					"@executable_path/Frameworks",
				);
				MARKETING_VERSION = 1.0;
				PRODUCT_BUNDLE_IDENTIFIER = "learn.SwiftUI-Appetizers";
				PRODUCT_NAME = "$(TARGET_NAME)";
				SWIFT_EMIT_LOC_STRINGS = YES;
				SWIFT_VERSION = 5.0;
				TARGETED_DEVICE_FAMILY = "1,2";
			};
			name = Release;
		};
/* End XCBuildConfiguration section */

/* Begin XCConfigurationList section */
		662204AE2B1BAC9400F53973 /* Build configuration list for PBXProject "SwiftUI-Appetizers" */ = {
			isa = XCConfigurationList;
			buildConfigurations = (
				662204BF2B1BAC9600F53973 /* Debug */,
				662204C02B1BAC9600F53973 /* Release */,
			);
			defaultConfigurationIsVisible = 0;
			defaultConfigurationName = Release;
		};
		662204C12B1BAC9600F53973 /* Build configuration list for PBXNativeTarget "SwiftUI-Appetizers" */ = {
			isa = XCConfigurationList;
			buildConfigurations = (
				662204C22B1BAC9600F53973 /* Debug */,
				662204C32B1BAC9600F53973 /* Release */,
			);
			defaultConfigurationIsVisible = 0;
			defaultConfigurationName = Release;
		};
/* End XCConfigurationList section */
	};
	rootObject = 662204AB2B1BAC9400F53973 /* Project object */;
}
